
Microsoft Visual Studio Solution File, Format Version 12.00
# Visual Studio Version 17
VisualStudioVersion = 17.7.34202.233
MinimumVisualStudioVersion = 10.0.40219.1
Project("{9A19103F-16F7-4668-BE54-9A1E7A4F7556}") = "JobLeet.WebApi", "JobLeet.WebApi\JobLeet.WebApi.csproj", "{84559A05-522E-4CE4-95E8-1C90B6F4E43B}"
EndProject
Project("{2150E333-8FDC-42A3-9474-1A3956D46DE8}") = "JobLeet.Tests", "JobLeet.Tests", "{422F5CC5-9ABB-49E5-8082-775BE8529EBE}"
EndProject
Project("{FAE04EC0-301F-11D3-BF4B-00C04F79EFBC}") = "UnitTests", "JobLeet.Tests\UnitTests\UnitTests.csproj", "{84438933-7005-47AC-92C1-CCC2594538BE}"
EndProject
Global
	GlobalSection(SolutionConfigurationPlatforms) = preSolution
		Debug|Any CPU = Debug|Any CPU
		Release|Any CPU = Release|Any CPU
	EndGlobalSection
	GlobalSection(ProjectConfigurationPlatforms) = postSolution
		{84559A05-522E-4CE4-95E8-1C90B6F4E43B}.Debug|Any CPU.ActiveCfg = Debug|Any CPU
		{84559A05-522E-4CE4-95E8-1C90B6F4E43B}.Debug|Any CPU.Build.0 = Debug|Any CPU
		{84559A05-522E-4CE4-95E8-1C90B6F4E43B}.Release|Any CPU.ActiveCfg = Release|Any CPU
		{84559A05-522E-4CE4-95E8-1C90B6F4E43B}.Release|Any CPU.Build.0 = Release|Any CPU
		{84438933-7005-47AC-92C1-CCC2594538BE}.Debug|Any CPU.ActiveCfg = Debug|Any CPU
		{84438933-7005-47AC-92C1-CCC2594538BE}.Debug|Any CPU.Build.0 = Debug|Any CPU
		{84438933-7005-47AC-92C1-CCC2594538BE}.Release|Any CPU.ActiveCfg = Release|Any CPU
		{84438933-7005-47AC-92C1-CCC2594538BE}.Release|Any CPU.Build.0 = Release|Any CPU
	EndGlobalSection
	GlobalSection(SolutionProperties) = preSolution
		HideSolutionNode = FALSE
	EndGlobalSection
	GlobalSection(ExtensibilityGlobals) = postSolution
		SolutionGuid = {CA7C7B4A-8E57-4FE4-A89E-F7B10C99E452}
	EndGlobalSection
	GlobalSection(NestedProjects) = preSolution
		{84438933-7005-47AC-92C1-CCC2594538BE} = {422F5CC5-9ABB-49E5-8082-775BE8529EBE}
	EndGlobalSection
EndGlobal
